
Microsoft Visual Studio Solution File, Format Version 12.00
# Visual Studio Version 17
VisualStudioVersion = 17.7.34202.233
MinimumVisualStudioVersion = 10.0.40219.1
Project("{2150E333-8FDC-42A3-9474-1A3956D46DE8}") = "src", "src", "{4DB4888C-DBD7-4EEE-87ED-3B99CE251B7C}"
EndProject
Project("{9A19103F-16F7-4668-BE54-9A1E7A4F7556}") = "PSecApp.Domain", "PSecApp.Domain\PSecApp.Domain.csproj", "{C82969A6-2F7A-4741-8F7C-21A1E8EDD296}"
EndProject
Project("{9A19103F-16F7-4668-BE54-9A1E7A4F7556}") = "PSecApp.Application", "PSecApp.Application\PSecApp.Application.csproj", "{4DE203D7-9A4B-4760-B3D2-569547F81C96}"
EndProject
Project("{9A19103F-16F7-4668-BE54-9A1E7A4F7556}") = "PSecApp.Infrastructure", "PSecApp.Infrastructure\PSecApp.Infrastructure.csproj", "{EC950642-315E-4734-B6F4-313D48302E2D}"
EndProject
Project("{9A19103F-16F7-4668-BE54-9A1E7A4F7556}") = "PSecApp.UI", "PSecApp.UI\PSecApp.UI.csproj", "{B7666E0F-EA8C-44B4-BD69-FD7C0E606818}"
EndProject
Project("{2150E333-8FDC-42A3-9474-1A3956D46DE8}") = "supporting files", "supporting files", "{9CC29E66-FB49-4B07-80D1-DDABCFE0B585}"
	ProjectSection(SolutionItems) = preProject
		..\..\Users\micki\Downloads\Prescient\sproc\1. Create_DailyMTM_Table.sql = ..\..\Users\micki\Downloads\Prescient\sproc\1. Create_DailyMTM_Table.sql
		..\..\Users\micki\Downloads\Prescient\sproc\2. Create_FileAuditing_Table.sql = ..\..\Users\micki\Downloads\Prescient\sproc\2. Create_FileAuditing_Table.sql
		..\..\Users\micki\Downloads\Prescient\sproc\3. Create_Insert_DailyMTM_sproc.sql = ..\..\Users\micki\Downloads\Prescient\sproc\3. Create_Insert_DailyMTM_sproc.sql
		..\..\Users\micki\Downloads\Prescient\sproc\4. Create_Audit_sproc.sql = ..\..\Users\micki\Downloads\Prescient\sproc\4. Create_Audit_sproc.sql
		..\..\Users\micki\Downloads\Prescient\sproc\5. Create_SP_Total_Contracts_Traded_Report.sql = ..\..\Users\micki\Downloads\Prescient\sproc\5. Create_SP_Total_Contracts_Traded_Report.sql
		..\..\Users\micki\Downloads\Prescient\sproc\readme.txt = ..\..\Users\micki\Downloads\Prescient\sproc\readme.txt
	EndProjectSection
EndProject
Global
	GlobalSection(SolutionConfigurationPlatforms) = preSolution
		Debug|Any CPU = Debug|Any CPU
		Release|Any CPU = Release|Any CPU
	EndGlobalSection
	GlobalSection(ProjectConfigurationPlatforms) = postSolution
		{C82969A6-2F7A-4741-8F7C-21A1E8EDD296}.Debug|Any CPU.ActiveCfg = Debug|Any CPU
		{C82969A6-2F7A-4741-8F7C-21A1E8EDD296}.Debug|Any CPU.Build.0 = Debug|Any CPU
		{C82969A6-2F7A-4741-8F7C-21A1E8EDD296}.Release|Any CPU.ActiveCfg = Release|Any CPU
		{C82969A6-2F7A-4741-8F7C-21A1E8EDD296}.Release|Any CPU.Build.0 = Release|Any CPU
		{4DE203D7-9A4B-4760-B3D2-569547F81C96}.Debug|Any CPU.ActiveCfg = Debug|Any CPU
		{4DE203D7-9A4B-4760-B3D2-569547F81C96}.Debug|Any CPU.Build.0 = Debug|Any CPU
		{4DE203D7-9A4B-4760-B3D2-569547F81C96}.Release|Any CPU.ActiveCfg = Release|Any CPU
		{4DE203D7-9A4B-4760-B3D2-569547F81C96}.Release|Any CPU.Build.0 = Release|Any CPU
		{EC950642-315E-4734-B6F4-313D48302E2D}.Debug|Any CPU.ActiveCfg = Debug|Any CPU
		{EC950642-315E-4734-B6F4-313D48302E2D}.Debug|Any CPU.Build.0 = Debug|Any CPU
		{EC950642-315E-4734-B6F4-313D48302E2D}.Release|Any CPU.ActiveCfg = Release|Any CPU
		{EC950642-315E-4734-B6F4-313D48302E2D}.Release|Any CPU.Build.0 = Release|Any CPU
		{B7666E0F-EA8C-44B4-BD69-FD7C0E606818}.Debug|Any CPU.ActiveCfg = Debug|Any CPU
		{B7666E0F-EA8C-44B4-BD69-FD7C0E606818}.Debug|Any CPU.Build.0 = Debug|Any CPU
		{B7666E0F-EA8C-44B4-BD69-FD7C0E606818}.Release|Any CPU.ActiveCfg = Release|Any CPU
		{B7666E0F-EA8C-44B4-BD69-FD7C0E606818}.Release|Any CPU.Build.0 = Release|Any CPU
	EndGlobalSection
	GlobalSection(SolutionProperties) = preSolution
		HideSolutionNode = FALSE
	EndGlobalSection
	GlobalSection(NestedProjects) = preSolution
		{C82969A6-2F7A-4741-8F7C-21A1E8EDD296} = {4DB4888C-DBD7-4EEE-87ED-3B99CE251B7C}
		{4DE203D7-9A4B-4760-B3D2-569547F81C96} = {4DB4888C-DBD7-4EEE-87ED-3B99CE251B7C}
		{EC950642-315E-4734-B6F4-313D48302E2D} = {4DB4888C-DBD7-4EEE-87ED-3B99CE251B7C}
		{B7666E0F-EA8C-44B4-BD69-FD7C0E606818} = {4DB4888C-DBD7-4EEE-87ED-3B99CE251B7C}
	EndGlobalSection
	GlobalSection(ExtensibilityGlobals) = postSolution
		SolutionGuid = {F4FC6F05-E81B-4D38-B899-C32891292864}
	EndGlobalSection
EndGlobal
